
Microsoft Visual Studio Solution File, Format Version 12.00
Project("{FAE04EC0-301F-11D3-BF4B-00C04F79EFBC}") = "NightTasker.Common.Core", "NightTasker.Common.Core\NightTasker.Common.Core.csproj", "{03332A1E-7BB1-4D3B-8EE0-E9921B0231F2}"
EndProject
Global
	GlobalSection(SolutionConfigurationPlatforms) = preSolution
		Debug|Any CPU = Debug|Any CPU
		Release|Any CPU = Release|Any CPU
	EndGlobalSection
	GlobalSection(ProjectConfigurationPlatforms) = postSolution
		{03332A1E-7BB1-4D3B-8EE0-E9921B0231F2}.Debug|Any CPU.ActiveCfg = Debug|Any CPU
		{03332A1E-7BB1-4D3B-8EE0-E9921B0231F2}.Debug|Any CPU.Build.0 = Debug|Any CPU
		{03332A1E-7BB1-4D3B-8EE0-E9921B0231F2}.Release|Any CPU.ActiveCfg = Release|Any CPU
		{03332A1E-7BB1-4D3B-8EE0-E9921B0231F2}.Release|Any CPU.Build.0 = Release|Any CPU
	EndGlobalSection
EndGlobal
